
Microsoft Visual Studio Solution File, Format Version 12.00
# Visual Studio Version 17
VisualStudioVersion = 17.14.36202.13 d17.14
MinimumVisualStudioVersion = 10.0.40219.1
Project("{FAE04EC0-301F-11D3-BF4B-00C04F79EFBC}") = "snowball.API", "snowball.API.csproj", "{A6C7DEE3-EAB8-4AC5-A0C5-351C737C920F}"
EndProject
Project("{FAE04EC0-301F-11D3-BF4B-00C04F79EFBC}") = "snowball.Domain", "..\snowball.Domain\snowball.Domain.csproj", "{A18455A8-9AB3-4998-B34E-FDDAECB9A9F5}"
EndProject
Project("{FAE04EC0-301F-11D3-BF4B-00C04F79EFBC}") = "snowball.Application", "..\snowball.Application\snowball.Application.csproj", "{77855D06-6378-4E87-8551-BCF0E2259A3C}"
EndProject
Project("{FAE04EC0-301F-11D3-BF4B-00C04F79EFBC}") = "snowball.Infrastructure", "..\snowball.Infrastructure\snowball.Infrastructure.csproj", "{BC62E19E-127A-4DEE-A0DA-07A993A18990}"
EndProject
Global
	GlobalSection(SolutionConfigurationPlatforms) = preSolution
		Debug|Any CPU = Debug|Any CPU
		Release|Any CPU = Release|Any CPU
	EndGlobalSection
	GlobalSection(ProjectConfigurationPlatforms) = postSolution
		{A6C7DEE3-EAB8-4AC5-A0C5-351C737C920F}.Debug|Any CPU.ActiveCfg = Debug|Any CPU
		{A6C7DEE3-EAB8-4AC5-A0C5-351C737C920F}.Debug|Any CPU.Build.0 = Debug|Any CPU
		{A6C7DEE3-EAB8-4AC5-A0C5-351C737C920F}.Release|Any CPU.ActiveCfg = Release|Any CPU
		{A6C7DEE3-EAB8-4AC5-A0C5-351C737C920F}.Release|Any CPU.Build.0 = Release|Any CPU
		{A18455A8-9AB3-4998-B34E-FDDAECB9A9F5}.Debug|Any CPU.ActiveCfg = Debug|Any CPU
		{A18455A8-9AB3-4998-B34E-FDDAECB9A9F5}.Debug|Any CPU.Build.0 = Debug|Any CPU
		{A18455A8-9AB3-4998-B34E-FDDAECB9A9F5}.Release|Any CPU.ActiveCfg = Release|Any CPU
		{A18455A8-9AB3-4998-B34E-FDDAECB9A9F5}.Release|Any CPU.Build.0 = Release|Any CPU
		{77855D06-6378-4E87-8551-BCF0E2259A3C}.Debug|Any CPU.ActiveCfg = Debug|Any CPU
		{77855D06-6378-4E87-8551-BCF0E2259A3C}.Debug|Any CPU.Build.0 = Debug|Any CPU
		{77855D06-6378-4E87-8551-BCF0E2259A3C}.Release|Any CPU.ActiveCfg = Release|Any CPU
		{77855D06-6378-4E87-8551-BCF0E2259A3C}.Release|Any CPU.Build.0 = Release|Any CPU
		{BC62E19E-127A-4DEE-A0DA-07A993A18990}.Debug|Any CPU.ActiveCfg = Debug|Any CPU
		{BC62E19E-127A-4DEE-A0DA-07A993A18990}.Debug|Any CPU.Build.0 = Debug|Any CPU
		{BC62E19E-127A-4DEE-A0DA-07A993A18990}.Release|Any CPU.ActiveCfg = Release|Any CPU
		{BC62E19E-127A-4DEE-A0DA-07A993A18990}.Release|Any CPU.Build.0 = Release|Any CPU
	EndGlobalSection
	GlobalSection(SolutionProperties) = preSolution
		HideSolutionNode = FALSE
	EndGlobalSection
	GlobalSection(ExtensibilityGlobals) = postSolution
		SolutionGuid = {5AE0322B-C4D9-4FA1-9F34-1FF8A8B89FFE}
	EndGlobalSection
EndGlobal
